{
  "name": "web-guidelines",
  "version": "1.0.0",
  "lockfileVersion": 1,
  "requires": true,
  "dependencies": {
    "eslint-config-prettier": {
      "version": "8.1.0",
      "resolved": "https://registry.npm.taobao.org/eslint-config-prettier/download/eslint-config-prettier-8.1.0.tgz",
      "integrity": "sha1-TvHq+Xr+UXbmp13ftXwzUSGrxaY=",
      "dev": true
    },
    "eslint-plugin-prettier": {
      "version": "3.3.1",
      "resolved": "https://registry.npm.taobao.org/eslint-plugin-prettier/download/eslint-plugin-prettier-3.3.1.tgz?cache=0&other_urls=https%3A%2F%2Fregistry.npm.taobao.org%2Feslint-plugin-prettier%2Fdownload%2Feslint-plugin-prettier-3.3.1.tgz",
      "integrity": "sha1-cHnPoklweJBQEeb4Lo3YRT0Tcbc=",
      "dev": true,
      "requires": {
        "prettier-linter-helpers": "^1.0.0"
      }
    },
    "fast-diff": {
      "version": "1.2.0",
      "resolved": "https://registry.npm.taobao.org/fast-diff/download/fast-diff-1.2.0.tgz",
      "integrity": "sha1-c+4RmC2Gyq95WYKNUZz+kn+sXwM=",
      "dev": true
    },
    "prettier": {
      "version": "2.2.1",
      "resolved": "https://registry.npm.taobao.org/prettier/download/prettier-2.2.1.tgz?cache=0&sync_timestamp=1606653321674&other_urls=https%3A%2F%2Fregistry.npm.taobao.org%2Fprettier%2Fdownload%2Fprettier-2.2.1.tgz",
      "integrity": "sha1-eVoaeN1S8HPaDNQrIfnJE4GSP/U=",
      "dev": true
    },
    "prettier-linter-helpers": {
      "version": "1.0.0",
      "resolved": "https://registry.npm.taobao.org/prettier-linter-helpers/download/prettier-linter-helpers-1.0.0.tgz",
      "integrity": "sha1-0j1B/hN1ZG3i0BBNNFSjAIgCz3s=",
      "dev": true,
      "requires": {
        "fast-diff": "^1.1.2"
      }
    }
  }
}
